// !$*UTF8*$!
{
	archiveVersion = 1;
	classes = {
	};
	objectVersion = 46;
	objects = {

/* Begin PBXBuildFile section */
		E1AB4A311A437066003105F8 /* main.c in Sources */ = {isa = PBXBuildFile; fileRef = E1AB4A301A437066003105F8 /* main.c */; };
		E1AB4A3B1A43707F003105F8 /* general.c in Sources */ = {isa = PBXBuildFile; fileRef = E1AB4A381A43707F003105F8 /* general.c */; };
		E1AB4A3C1A43707F003105F8 /* ctalk.c in Sources */ = {isa = PBXBuildFile; fileRef = E1AB4A391A43707F003105F8 /* ctalk.c */; };
		E1F188361A4F3B900031460D /* cJSON.c in Sources */ = {isa = PBXBuildFile; fileRef = E1F188341A4F3B900031460D /* cJSON.c */; };
/* End PBXBuildFile section */

/* Begin PBXCopyFilesBuildPhase section */
		E1AB4A2B1A437066003105F8 /* CopyFiles */ = {
			isa = PBXCopyFilesBuildPhase;
			buildActionMask = 2147483647;
			dstPath = /usr/share/man/man1/;
			dstSubfolderSpec = 0;
			files = (
			);
			runOnlyForDeploymentPostprocessing = 1;
		};
/* End PBXCopyFilesBuildPhase section */

/* Begin PBXFileReference section */
		E1AB4A2D1A437066003105F8 /* HeartsAI */ = {isa = PBXFileReference; explicitFileType = "compiled.mach-o.executable"; includeInIndex = 0; path = HeartsAI; sourceTree = BUILT_PRODUCTS_DIR; };
		E1AB4A301A437066003105F8 /* main.c */ = {isa = PBXFileReference; lastKnownFileType = sourcecode.c.c; path = main.c; sourceTree = "<group>"; };
		E1AB4A371A43707F003105F8 /* general.h */ = {isa = PBXFileReference; fileEncoding = 4; lastKnownFileType = sourcecode.c.h; path = general.h; sourceTree = "<group>"; };
		E1AB4A381A43707F003105F8 /* general.c */ = {isa = PBXFileReference; fileEncoding = 4; lastKnownFileType = sourcecode.c.c; path = general.c; sourceTree = "<group>"; };
		E1AB4A391A43707F003105F8 /* ctalk.c */ = {isa = PBXFileReference; fileEncoding = 4; lastKnownFileType = sourcecode.c.c; path = ctalk.c; sourceTree = "<group>"; };
		E1AB4A3A1A43707F003105F8 /* ctalk.h */ = {isa = PBXFileReference; fileEncoding = 4; lastKnownFileType = sourcecode.c.h; path = ctalk.h; sourceTree = "<group>"; };
		E1F188341A4F3B900031460D /* cJSON.c */ = {isa = PBXFileReference; fileEncoding = 4; lastKnownFileType = sourcecode.c.c; path = cJSON.c; sourceTree = "<group>"; };
		E1F188351A4F3B900031460D /* cJSON.h */ = {isa = PBXFileReference; fileEncoding = 4; lastKnownFileType = sourcecode.c.h; path = cJSON.h; sourceTree = "<group>"; };
/* End PBXFileReference section */

/* Begin PBXFrameworksBuildPhase section */
		E1AB4A2A1A437066003105F8 /* Frameworks */ = {
			isa = PBXFrameworksBuildPhase;
			buildActionMask = 2147483647;
			files = (
			);
			runOnlyForDeploymentPostprocessing = 0;
		};
/* End PBXFrameworksBuildPhase section */

/* Begin PBXGroup section */
		E1AB4A241A437066003105F8 = {
			isa = PBXGroup;
			children = (
				E1AB4A2F1A437066003105F8 /* HeartsAI */,
				E1AB4A2E1A437066003105F8 /* Products */,
			);
			sourceTree = "<group>";
		};
		E1AB4A2E1A437066003105F8 /* Products */ = {
			isa = PBXGroup;
			children = (
				E1AB4A2D1A437066003105F8 /* HeartsAI */,
			);
			name = Products;
			sourceTree = "<group>";
		};
		E1AB4A2F1A437066003105F8 /* HeartsAI */ = {
			isa = PBXGroup;
			children = (
				E1AB4A371A43707F003105F8 /* general.h */,
				E1AB4A381A43707F003105F8 /* general.c */,
				E1AB4A391A43707F003105F8 /* ctalk.c */,
				E1AB4A3A1A43707F003105F8 /* ctalk.h */,
				E1F188341A4F3B900031460D /* cJSON.c */,
				E1F188351A4F3B900031460D /* cJSON.h */,
				E1AB4A301A437066003105F8 /* main.c */,
			);
			path = HeartsAI;
			sourceTree = "<group>";
		};
/* End PBXGroup section */

/* Begin PBXNativeTarget section */
		E1AB4A2C1A437066003105F8 /* HeartsAI */ = {
			isa = PBXNativeTarget;
			buildConfigurationList = E1AB4A341A437066003105F8 /* Build configuration list for PBXNativeTarget "HeartsAI" */;
			buildPhases = (
				E1AB4A291A437066003105F8 /* Sources */,
				E1AB4A2A1A437066003105F8 /* Frameworks */,
				E1AB4A2B1A437066003105F8 /* CopyFiles */,
			);
			buildRules = (
			);
			dependencies = (
			);
			name = HeartsAI;
			productName = HeartsAI;
			productReference = E1AB4A2D1A437066003105F8 /* HeartsAI */;
			productType = "com.apple.product-type.tool";
		};
/* End PBXNativeTarget section */

/* Begin PBXProject section */
		E1AB4A251A437066003105F8 /* Project object */ = {
			isa = PBXProject;
			attributes = {
				LastUpgradeCheck = 0610;
				ORGANIZATIONNAME = AlecZ;
				TargetAttributes = {
					E1AB4A2C1A437066003105F8 = {
						CreatedOnToolsVersion = 6.1.1;
					};
				};
			};
			buildConfigurationList = E1AB4A281A437066003105F8 /* Build configuration list for PBXProject "HeartsAI" */;
			compatibilityVersion = "Xcode 3.2";
			developmentRegion = English;
			hasScannedForEncodings = 0;
			knownRegions = (
				en,
			);
			mainGroup = E1AB4A241A437066003105F8;
			productRefGroup = E1AB4A2E1A437066003105F8 /* Products */;
			projectDirPath = "";
			projectRoot = "";
			targets = (
				E1AB4A2C1A437066003105F8 /* HeartsAI */,
			);
		};
/* End PBXProject section */

/* Begin PBXSourcesBuildPhase section */
		E1AB4A291A437066003105F8 /* Sources */ = {
			isa = PBXSourcesBuildPhase;
			buildActionMask = 2147483647;
			files = (
				E1AB4A3C1A43707F003105F8 /* ctalk.c in Sources */,
				E1F188361A4F3B900031460D /* cJSON.c in Sources */,
				E1AB4A3B1A43707F003105F8 /* general.c in Sources */,
				E1AB4A311A437066003105F8 /* main.c in Sources */,
			);
			runOnlyForDeploymentPostprocessing = 0;
		};
/* End PBXSourcesBuildPhase section */

/* Begin XCBuildConfiguration section */
		E1AB4A321A437066003105F8 /* Debug */ = {
			isa = XCBuildConfiguration;
			buildSettings = {
				ALWAYS_SEARCH_USER_PATHS = NO;
				CLANG_CXX_LANGUAGE_STANDARD = "gnu++0x";
				CLANG_CXX_LIBRARY = "libc++";
				CLANG_ENABLE_MODULES = YES;
				CLANG_ENABLE_OBJC_ARC = YES;
				CLANG_WARN_BOOL_CONVERSION = YES;
				CLANG_WARN_CONSTANT_CONVERSION = YES;
				CLANG_WARN_DIRECT_OBJC_ISA_USAGE = YES_ERROR;
				CLANG_WARN_EMPTY_BODY = YES;
				CLANG_WARN_ENUM_CONVERSION = YES;
				CLANG_WARN_INT_CONVERSION = YES;
				CLANG_WARN_OBJC_ROOT_CLASS = YES_ERROR;
				CLANG_WARN_UNREACHABLE_CODE = YES;
				CLANG_WARN__DUPLICATE_METHOD_MATCH = YES;
				COPY_PHASE_STRIP = NO;
				ENABLE_STRICT_OBJC_MSGSEND = YES;
				GCC_C_LANGUAGE_STANDARD = gnu99;
				GCC_DYNAMIC_NO_PIC = NO;
				GCC_OPTIMIZATION_LEVEL = 0;
				GCC_PREPROCESSOR_DEFINITIONS = (
					"DEBUG=1",
					"$(inherited)",
				);
				GCC_SYMBOLS_PRIVATE_EXTERN = NO;
				GCC_WARN_64_TO_32_BIT_CONVERSION = YES;
				GCC_WARN_ABOUT_RETURN_TYPE = YES_ERROR;
				GCC_WARN_UNDECLARED_SELECTOR = YES;
				GCC_WARN_UNINITIALIZED_AUTOS = YES_AGGRESSIVE;
				GCC_WARN_UNUSED_FUNCTION = YES;
				GCC_WARN_UNUSED_VARIABLE = YES;
				MACOSX_DEPLOYMENT_TARGET = 10.9;
				MTL_ENABLE_DEBUG_INFO = YES;
				ONLY_ACTIVE_ARCH = YES;
				SDKROOT = macosx;
			};
			name = Debug;
		};
		E1AB4A331A437066003105F8 /* Release */ = {
			isa = XCBuildConfiguration;
			buildSettings = {
				ALWAYS_SEARCH_USER_PATHS = NO;
				CLANG_CXX_LANGUAGE_STANDARD = "gnu++0x";
				CLANG_CXX_LIBRARY = "libc++";
				CLANG_ENABLE_MODULES = YES;
				CLANG_ENABLE_OBJC_ARC = YES;
				CLANG_WARN_BOOL_CONVERSION = YES;
				CLANG_WARN_CONSTANT_CONVERSION = YES;
				CLANG_WARN_DIRECT_OBJC_ISA_USAGE = YES_ERROR;
				CLANG_WARN_EMPTY_BODY = YES;
				CLANG_WARN_ENUM_CONVERSION = YES;
				CLANG_WARN_INT_CONVERSION = YES;
				CLANG_WARN_OBJC_ROOT_CLASS = YES_ERROR;
				CLANG_WARN_UNREACHABLE_CODE = YES;
				CLANG_WARN__DUPLICATE_METHOD_MATCH = YES;
				COPY_PHASE_STRIP = YES;
				DEBUG_INFORMATION_FORMAT = "dwarf-with-dsym";
				ENABLE_NS_ASSERTIONS = NO;
				ENABLE_STRICT_OBJC_MSGSEND = YES;
				GCC_C_LANGUAGE_STANDARD = gnu99;
				GCC_WARN_64_TO_32_BIT_CONVERSION = YES;
				GCC_WARN_ABOUT_RETURN_TYPE = YES_ERROR;
				GCC_WARN_UNDECLARED_SELECTOR = YES;
				GCC_WARN_UNINITIALIZED_AUTOS = YES_AGGRESSIVE;
				GCC_WARN_UNUSED_FUNCTION = YES;
				GCC_WARN_UNUSED_VARIABLE = YES;
				MACOSX_DEPLOYMENT_TARGET = 10.9;
				MTL_ENABLE_DEBUG_INFO = NO;
				SDKROOT = macosx;
			};
			name = Release;
		};
		E1AB4A351A437066003105F8 /* Debug */ = {
			isa = XCBuildConfiguration;
			buildSettings = {
				PRODUCT_NAME = "$(TARGET_NAME)";
			};
			name = Debug;
		};
		E1AB4A361A437066003105F8 /* Release */ = {
			isa = XCBuildConfiguration;
			buildSettings = {
				PRODUCT_NAME = "$(TARGET_NAME)";
			};
			name = Release;
		};
/* End XCBuildConfiguration section */

/* Begin XCConfigurationList section */
		E1AB4A281A437066003105F8 /* Build configuration list for PBXProject "HeartsAI" */ = {
			isa = XCConfigurationList;
			buildConfigurations = (
				E1AB4A321A437066003105F8 /* Debug */,
				E1AB4A331A437066003105F8 /* Release */,
			);
			defaultConfigurationIsVisible = 0;
			defaultConfigurationName = Release;
		};
		E1AB4A341A437066003105F8 /* Build configuration list for PBXNativeTarget "HeartsAI" */ = {
			isa = XCConfigurationList;
			buildConfigurations = (
				E1AB4A351A437066003105F8 /* Debug */,
				E1AB4A361A437066003105F8 /* Release */,
			);
			defaultConfigurationIsVisible = 0;
			defaultConfigurationName = Release;
		};
/* End XCConfigurationList section */
	};
	rootObject = E1AB4A251A437066003105F8 /* Project object */;
}
